{
  "name": "wikiliq-adsmanager",
  "lockfileVersion": 3,
  "requires": true,
  "packages": {
    "": {
      "dependencies": {
        "animate.css": "^4.1.1",
        "bulma": "^0.9.4",
        "bulma-modal-fx": "^1.1.1"
      }
    },
    "node_modules/animate.css": {
      "version": "4.1.1",
      "resolved": "https://registry.npmjs.org/animate.css/-/animate.css-4.1.1.tgz",
      "integrity": "sha512-+mRmCTv6SbCmtYJCN4faJMNFVNN5EuCTTprDTAo7YzIGji2KADmakjVA3+8mVDkZ2Bf09vayB35lSQIex2+QaQ=="
    },
    "node_modules/bulma": {
      "version": "0.9.4",
      "resolved": "https://registry.npmjs.org/bulma/-/bulma-0.9.4.tgz",
      "integrity": "sha512-86FlT5+1GrsgKbPLRRY7cGDg8fsJiP/jzTqXXVqiUZZ2aZT8uemEOHlU1CDU+TxklPEZ11HZNNWclRBBecP4CQ=="
    },
    "node_modules/bulma-modal-fx": {
      "version": "1.1.1",
      "resolved": "https://registry.npmjs.org/bulma-modal-fx/-/bulma-modal-fx-1.1.1.tgz",
      "integrity": "sha512-Ma1e/uczogPd0MzpeOsYJau1ocavO2wlnGg1ZVg+/mrsKyeasrdtyfbOH1kRdzqCH9DMrZAw7WEW0Oa3lKr6Fw=="
    }
  }
}
